# This file is automatically @generated by Cargo.
# It is not intended for manual editing.
version = 4

[[package]]
name = "BOS"
version = "0.1.0"
dependencies = [
 "io",
 "ports",
]

[[package]]
name = "io"
version = "0.1.0"

[[package]]
name = "kernel"
version = "0.1.0"
dependencies = [
 "io",
 "ports",
]

[[package]]
name = "ports"
version = "0.1.0"
