# This file is automatically @generated by Cargo.
# It is not intended for manual editing.
version = 4

[[package]]
name = "atapi"
version = "0.1.0"

[[package]]
name = "dma"
version = "0.1.0"
dependencies = [
 "ports",
]

[[package]]
name = "interrupts"
version = "0.1.0"
dependencies = [
 "io",
 "ports",
]

[[package]]
name = "io"
version = "0.1.0"
dependencies = [
 "ports",
]

[[package]]
name = "loader"
version = "0.1.0"

[[package]]
name = "paging"
version = "0.1.0"

[[package]]
name = "ports"
version = "0.1.0"
